
Microsoft Visual Studio Solution File, Format Version 12.00
# Visual Studio Version 17
VisualStudioVersion = 17.14.36203.30 d17.14
MinimumVisualStudioVersion = 10.0.40219.1
Project("{FAE04EC0-301F-11D3-BF4B-00C04F79EFBC}") = "FileI-O", "FileI-O\FileI-O.csproj", "{D8FDF060-0450-4259-AB38-C002BC9BEA56}"
EndProject
Global
	GlobalSection(SolutionConfigurationPlatforms) = preSolution
		Debug|Any CPU = Debug|Any CPU
		Release|Any CPU = Release|Any CPU
	EndGlobalSection
	GlobalSection(ProjectConfigurationPlatforms) = postSolution
		{D8FDF060-0450-4259-AB38-C002BC9BEA56}.Debug|Any CPU.ActiveCfg = Debug|Any CPU
		{D8FDF060-0450-4259-AB38-C002BC9BEA56}.Debug|Any CPU.Build.0 = Debug|Any CPU
		{D8FDF060-0450-4259-AB38-C002BC9BEA56}.Release|Any CPU.ActiveCfg = Release|Any CPU
		{D8FDF060-0450-4259-AB38-C002BC9BEA56}.Release|Any CPU.Build.0 = Release|Any CPU
	EndGlobalSection
	GlobalSection(SolutionProperties) = preSolution
		HideSolutionNode = FALSE
	EndGlobalSection
	GlobalSection(ExtensibilityGlobals) = postSolution
		SolutionGuid = {C9BF59A5-04EF-45C7-A1F7-ACFBD75EA4AE}
	EndGlobalSection
EndGlobal
